// !$*UTF8*$!
{
	archiveVersion = 1;
	classes = {
	};
	objectVersion = 70;
	objects = {

/* Begin PBXBuildFile section */
		73F2F9512D44427E0077A9F2 /* cmark-gfm-swift in Frameworks */ = {isa = PBXBuildFile; productRef = 73F2F9502D44427E0077A9F2 /* cmark-gfm-swift */; };
		73F2F9542D44436D0077A9F2 /* MarkdownUI in Frameworks */ = {isa = PBXBuildFile; productRef = 73F2F9532D44436D0077A9F2 /* MarkdownUI */; };
		BA3F1C08275E0E81006C41ED /* Highlightr in Frameworks */ = {isa = PBXBuildFile; productRef = BA3F1C07275E0E81006C41ED /* Highlightr */; };
/* End PBXBuildFile section */

/* Begin PBXContainerItemProxy section */
		A156AF922090606D0098BBDD /* PBXContainerItemProxy */ = {
			isa = PBXContainerItemProxy;
			containerPortal = A156AF752090606C0098BBDD /* Project object */;
			proxyType = 1;
			remoteGlobalIDString = A156AF7C2090606C0098BBDD;
			remoteInfo = Pine;
		};
		A156AF9D2090606D0098BBDD /* PBXContainerItemProxy */ = {
			isa = PBXContainerItemProxy;
			containerPortal = A156AF752090606C0098BBDD /* Project object */;
			proxyType = 1;
			remoteGlobalIDString = A156AF7C2090606C0098BBDD;
			remoteInfo = Pine;
		};
/* End PBXContainerItemProxy section */

/* Begin PBXFileReference section */
		A156AF7D2090606C0098BBDD /* Pine.app */ = {isa = PBXFileReference; explicitFileType = wrapper.application; includeInIndex = 0; path = Pine.app; sourceTree = BUILT_PRODUCTS_DIR; };
		A156AF912090606D0098BBDD /* PineTests.xctest */ = {isa = PBXFileReference; explicitFileType = wrapper.cfbundle; includeInIndex = 0; path = PineTests.xctest; sourceTree = BUILT_PRODUCTS_DIR; };
		A156AF9C2090606D0098BBDD /* PineUITests.xctest */ = {isa = PBXFileReference; explicitFileType = wrapper.cfbundle; includeInIndex = 0; path = PineUITests.xctest; sourceTree = BUILT_PRODUCTS_DIR; };
/* End PBXFileReference section */

/* Begin PBXFileSystemSynchronizedBuildFileExceptionSet section */
		73F2F9642D45478B0077A9F2 /* PBXFileSystemSynchronizedBuildFileExceptionSet */ = {
			isa = PBXFileSystemSynchronizedBuildFileExceptionSet;
			membershipExceptions = (
				Development/MARKDOWN_REFERENCE.md,
				Development/RELEASE.md,
			);
			target = A156AF7C2090606C0098BBDD /* Pine */;
		};
		73F2FAE52D4548050077A9F2 /* PBXFileSystemSynchronizedBuildFileExceptionSet */ = {
			isa = PBXFileSystemSynchronizedBuildFileExceptionSet;
			membershipExceptions = (
				Info.plist,
			);
			target = A156AF902090606D0098BBDD /* PineTests */;
		};
		73F2FAED2D4548070077A9F2 /* PBXFileSystemSynchronizedBuildFileExceptionSet */ = {
			isa = PBXFileSystemSynchronizedBuildFileExceptionSet;
			membershipExceptions = (
				Info.plist,
			);
			target = A156AF9B2090606D0098BBDD /* PineUITests */;
		};
/* End PBXFileSystemSynchronizedBuildFileExceptionSet section */

/* Begin PBXFileSystemSynchronizedRootGroup section */
		73F2F94C2D443E6C0077A9F2 /* Packages */ = {isa = PBXFileSystemSynchronizedRootGroup; explicitFileTypes = {}; explicitFolders = (); path = Packages; sourceTree = "<group>"; };
		73F2F9612D45478B0077A9F2 /* Docs */ = {isa = PBXFileSystemSynchronizedRootGroup; exceptions = (73F2F9642D45478B0077A9F2 /* PBXFileSystemSynchronizedBuildFileExceptionSet */, ); explicitFileTypes = {}; explicitFolders = (); path = Docs; sourceTree = "<group>"; };
		73F2FA932D4548020077A9F2 /* Pine */ = {isa = PBXFileSystemSynchronizedRootGroup; explicitFileTypes = {}; explicitFolders = (Resources/autocomplete, "Resources/highlight-js", ); path = Pine; sourceTree = "<group>"; };
		73F2FADF2D4548050077A9F2 /* PineTests */ = {isa = PBXFileSystemSynchronizedRootGroup; exceptions = (73F2FAE52D4548050077A9F2 /* PBXFileSystemSynchronizedBuildFileExceptionSet */, ); explicitFileTypes = {}; explicitFolders = (); path = PineTests; sourceTree = "<group>"; };
		73F2FAE92D4548070077A9F2 /* PineUITests */ = {isa = PBXFileSystemSynchronizedRootGroup; exceptions = (73F2FAED2D4548070077A9F2 /* PBXFileSystemSynchronizedBuildFileExceptionSet */, ); explicitFileTypes = {}; explicitFolders = (); path = PineUITests; sourceTree = "<group>"; };
/* End PBXFileSystemSynchronizedRootGroup section */

/* Begin PBXFrameworksBuildPhase section */
		A156AF7A2090606C0098BBDD /* Frameworks */ = {
			isa = PBXFrameworksBuildPhase;
			buildActionMask = 2147483647;
			files = (
				73F2F9542D44436D0077A9F2 /* MarkdownUI in Frameworks */,
				73F2F9512D44427E0077A9F2 /* cmark-gfm-swift in Frameworks */,
				BA3F1C08275E0E81006C41ED /* Highlightr in Frameworks */,
			);
			runOnlyForDeploymentPostprocessing = 0;
		};
		A156AF8E2090606D0098BBDD /* Frameworks */ = {
			isa = PBXFrameworksBuildPhase;
			buildActionMask = 2147483647;
			files = (
			);
			runOnlyForDeploymentPostprocessing = 0;
		};
		A156AF992090606D0098BBDD /* Frameworks */ = {
			isa = PBXFrameworksBuildPhase;
			buildActionMask = 2147483647;
			files = (
			);
			runOnlyForDeploymentPostprocessing = 0;
		};
/* End PBXFrameworksBuildPhase section */

/* Begin PBXGroup section */
		73F2F9492D443E1A0077A9F2 /* Frameworks */ = {
			isa = PBXGroup;
			children = (
			);
			name = Frameworks;
			sourceTree = "<group>";
		};
		A156AF742090606C0098BBDD = {
			isa = PBXGroup;
			children = (
				73F2F94C2D443E6C0077A9F2 /* Packages */,
				73F2F9612D45478B0077A9F2 /* Docs */,
				73F2FA932D4548020077A9F2 /* Pine */,
				73F2FADF2D4548050077A9F2 /* PineTests */,
				73F2FAE92D4548070077A9F2 /* PineUITests */,
				A156AF7E2090606C0098BBDD /* Products */,
				73F2F9492D443E1A0077A9F2 /* Frameworks */,
			);
			sourceTree = "<group>";
		};
		A156AF7E2090606C0098BBDD /* Products */ = {
			isa = PBXGroup;
			children = (
				A156AF7D2090606C0098BBDD /* Pine.app */,
				A156AF912090606D0098BBDD /* PineTests.xctest */,
				A156AF9C2090606D0098BBDD /* PineUITests.xctest */,
			);
			name = Products;
			sourceTree = "<group>";
		};
/* End PBXGroup section */

/* Begin PBXNativeTarget section */
		A156AF7C2090606C0098BBDD /* Pine */ = {
			isa = PBXNativeTarget;
			buildConfigurationList = A156AFA52090606D0098BBDD /* Build configuration list for PBXNativeTarget "Pine" */;
			buildPhases = (
				A156AF792090606C0098BBDD /* Sources */,
				A156AF7A2090606C0098BBDD /* Frameworks */,
				A156AF7B2090606C0098BBDD /* Resources */,
			);
			buildRules = (
			);
			dependencies = (
			);
			fileSystemSynchronizedGroups = (
				73F2FA932D4548020077A9F2 /* Pine */,
			);
			name = Pine;
			packageProductDependencies = (
				BA3F1C07275E0E81006C41ED /* Highlightr */,
				73F2F9502D44427E0077A9F2 /* cmark-gfm-swift */,
				73F2F9532D44436D0077A9F2 /* MarkdownUI */,
			);
			productName = Pine;
			productReference = A156AF7D2090606C0098BBDD /* Pine.app */;
			productType = "com.apple.product-type.application";
		};
		A156AF902090606D0098BBDD /* PineTests */ = {
			isa = PBXNativeTarget;
			buildConfigurationList = A156AFA82090606D0098BBDD /* Build configuration list for PBXNativeTarget "PineTests" */;
			buildPhases = (
				A156AF8D2090606D0098BBDD /* Sources */,
				A156AF8E2090606D0098BBDD /* Frameworks */,
				A156AF8F2090606D0098BBDD /* Resources */,
			);
			buildRules = (
			);
			dependencies = (
				A156AF932090606D0098BBDD /* PBXTargetDependency */,
			);
			fileSystemSynchronizedGroups = (
				73F2FADF2D4548050077A9F2 /* PineTests */,
			);
			name = PineTests;
			productName = PineTests;
			productReference = A156AF912090606D0098BBDD /* PineTests.xctest */;
			productType = "com.apple.product-type.bundle.unit-test";
		};
		A156AF9B2090606D0098BBDD /* PineUITests */ = {
			isa = PBXNativeTarget;
			buildConfigurationList = A156AFAB2090606D0098BBDD /* Build configuration list for PBXNativeTarget "PineUITests" */;
			buildPhases = (
				A156AF982090606D0098BBDD /* Sources */,
				A156AF992090606D0098BBDD /* Frameworks */,
				A156AF9A2090606D0098BBDD /* Resources */,
			);
			buildRules = (
			);
			dependencies = (
				A156AF9E2090606D0098BBDD /* PBXTargetDependency */,
			);
			fileSystemSynchronizedGroups = (
				73F2FAE92D4548070077A9F2 /* PineUITests */,
			);
			name = PineUITests;
			productName = PineUITests;
			productReference = A156AF9C2090606D0098BBDD /* PineUITests.xctest */;
			productType = "com.apple.product-type.bundle.ui-testing";
		};
/* End PBXNativeTarget section */

/* Begin PBXProject section */
		A156AF752090606C0098BBDD /* Project object */ = {
			isa = PBXProject;
			attributes = {
				BuildIndependentTargetsInParallel = YES;
				LastSwiftUpdateCheck = 0930;
				LastUpgradeCheck = 1620;
				ORGANIZATIONNAME = "Luka Kerr";
				TargetAttributes = {
					A156AF7C2090606C0098BBDD = {
						CreatedOnToolsVersion = 9.3;
						LastSwiftMigration = 1020;
						SystemCapabilities = {
							com.apple.ApplicationGroups.Mac = {
								enabled = 0;
							};
							com.apple.Sandbox = {
								enabled = 0;
							};
						};
					};
					A156AF902090606D0098BBDD = {
						CreatedOnToolsVersion = 9.3;
						LastSwiftMigration = 1020;
						TestTargetID = A156AF7C2090606C0098BBDD;
					};
					A156AF9B2090606D0098BBDD = {
						CreatedOnToolsVersion = 9.3;
						LastSwiftMigration = 1020;
						TestTargetID = A156AF7C2090606C0098BBDD;
					};
				};
			};
			buildConfigurationList = A156AF782090606C0098BBDD /* Build configuration list for PBXProject "Pine" */;
			compatibilityVersion = "Xcode 9.3";
			developmentRegion = en;
			hasScannedForEncodings = 0;
			knownRegions = (
				en,
				Base,
			);
			mainGroup = A156AF742090606C0098BBDD;
			packageReferences = (
				BA3F1C06275E0E81006C41ED /* XCRemoteSwiftPackageReference "Highlightr" */,
				73F2F94F2D44427E0077A9F2 /* XCLocalSwiftPackageReference "Packages/cmark-gfm-swift" */,
				73F2F9522D44436D0077A9F2 /* XCRemoteSwiftPackageReference "swift-markdown-ui" */,
			);
			productRefGroup = A156AF7E2090606C0098BBDD /* Products */;
			projectDirPath = "";
			projectRoot = "";
			targets = (
				A156AF7C2090606C0098BBDD /* Pine */,
				A156AF902090606D0098BBDD /* PineTests */,
				A156AF9B2090606D0098BBDD /* PineUITests */,
			);
		};
/* End PBXProject section */

/* Begin PBXResourcesBuildPhase section */
		A156AF7B2090606C0098BBDD /* Resources */ = {
			isa = PBXResourcesBuildPhase;
			buildActionMask = 2147483647;
			files = (
			);
			runOnlyForDeploymentPostprocessing = 0;
		};
		A156AF8F2090606D0098BBDD /* Resources */ = {
			isa = PBXResourcesBuildPhase;
			buildActionMask = 2147483647;
			files = (
			);
			runOnlyForDeploymentPostprocessing = 0;
		};
		A156AF9A2090606D0098BBDD /* Resources */ = {
			isa = PBXResourcesBuildPhase;
			buildActionMask = 2147483647;
			files = (
			);
			runOnlyForDeploymentPostprocessing = 0;
		};
/* End PBXResourcesBuildPhase section */

/* Begin PBXSourcesBuildPhase section */
		A156AF792090606C0098BBDD /* Sources */ = {
			isa = PBXSourcesBuildPhase;
			buildActionMask = 2147483647;
			files = (
			);
			runOnlyForDeploymentPostprocessing = 0;
		};
		A156AF8D2090606D0098BBDD /* Sources */ = {
			isa = PBXSourcesBuildPhase;
			buildActionMask = 2147483647;
			files = (
			);
			runOnlyForDeploymentPostprocessing = 0;
		};
		A156AF982090606D0098BBDD /* Sources */ = {
			isa = PBXSourcesBuildPhase;
			buildActionMask = 2147483647;
			files = (
			);
			runOnlyForDeploymentPostprocessing = 0;
		};
/* End PBXSourcesBuildPhase section */

/* Begin PBXTargetDependency section */
		A156AF932090606D0098BBDD /* PBXTargetDependency */ = {
			isa = PBXTargetDependency;
			target = A156AF7C2090606C0098BBDD /* Pine */;
			targetProxy = A156AF922090606D0098BBDD /* PBXContainerItemProxy */;
		};
		A156AF9E2090606D0098BBDD /* PBXTargetDependency */ = {
			isa = PBXTargetDependency;
			target = A156AF7C2090606C0098BBDD /* Pine */;
			targetProxy = A156AF9D2090606D0098BBDD /* PBXContainerItemProxy */;
		};
/* End PBXTargetDependency section */

/* Begin XCBuildConfiguration section */
		A156AFA32090606D0098BBDD /* Debug */ = {
			isa = XCBuildConfiguration;
			buildSettings = {
				ALWAYS_SEARCH_USER_PATHS = NO;
				ASSETCATALOG_COMPILER_GENERATE_SWIFT_ASSET_SYMBOL_EXTENSIONS = YES;
				CLANG_ANALYZER_NONNULL = YES;
				CLANG_ANALYZER_NUMBER_OBJECT_CONVERSION = YES_AGGRESSIVE;
				CLANG_CXX_LANGUAGE_STANDARD = "gnu++14";
				CLANG_CXX_LIBRARY = "libc++";
				CLANG_ENABLE_MODULES = YES;
				CLANG_ENABLE_OBJC_ARC = YES;
				CLANG_ENABLE_OBJC_WEAK = YES;
				CLANG_WARN_BLOCK_CAPTURE_AUTORELEASING = YES;
				CLANG_WARN_BOOL_CONVERSION = YES;
				CLANG_WARN_COMMA = YES;
				CLANG_WARN_CONSTANT_CONVERSION = YES;
				CLANG_WARN_DEPRECATED_OBJC_IMPLEMENTATIONS = YES;
				CLANG_WARN_DIRECT_OBJC_ISA_USAGE = YES_ERROR;
				CLANG_WARN_DOCUMENTATION_COMMENTS = YES;
				CLANG_WARN_EMPTY_BODY = YES;
				CLANG_WARN_ENUM_CONVERSION = YES;
				CLANG_WARN_INFINITE_RECURSION = YES;
				CLANG_WARN_INT_CONVERSION = YES;
				CLANG_WARN_NON_LITERAL_NULL_CONVERSION = YES;
				CLANG_WARN_OBJC_IMPLICIT_RETAIN_SELF = YES;
				CLANG_WARN_OBJC_LITERAL_CONVERSION = YES;
				CLANG_WARN_OBJC_ROOT_CLASS = YES_ERROR;
				CLANG_WARN_QUOTED_INCLUDE_IN_FRAMEWORK_HEADER = YES;
				CLANG_WARN_RANGE_LOOP_ANALYSIS = YES;
				CLANG_WARN_STRICT_PROTOTYPES = YES;
				CLANG_WARN_SUSPICIOUS_MOVE = YES;
				CLANG_WARN_UNGUARDED_AVAILABILITY = YES_AGGRESSIVE;
				CLANG_WARN_UNREACHABLE_CODE = YES;
				CLANG_WARN__DUPLICATE_METHOD_MATCH = YES;
				CODE_SIGN_IDENTITY = "-";
				COPY_PHASE_STRIP = NO;
				DEAD_CODE_STRIPPING = YES;
				DEBUG_INFORMATION_FORMAT = dwarf;
				ENABLE_STRICT_OBJC_MSGSEND = YES;
				ENABLE_TESTABILITY = YES;
				ENABLE_USER_SCRIPT_SANDBOXING = YES;
				GCC_C_LANGUAGE_STANDARD = gnu11;
				GCC_DYNAMIC_NO_PIC = NO;
				GCC_NO_COMMON_BLOCKS = YES;
				GCC_OPTIMIZATION_LEVEL = 0;
				GCC_PREPROCESSOR_DEFINITIONS = (
					"DEBUG=1",
					"$(inherited)",
				);
				GCC_WARN_64_TO_32_BIT_CONVERSION = YES;
				GCC_WARN_ABOUT_RETURN_TYPE = YES_ERROR;
				GCC_WARN_UNDECLARED_SELECTOR = YES;
				GCC_WARN_UNINITIALIZED_AUTOS = YES_AGGRESSIVE;
				GCC_WARN_UNUSED_FUNCTION = YES;
				GCC_WARN_UNUSED_VARIABLE = YES;
				MACOSX_DEPLOYMENT_TARGET = 10.12;
				MTL_ENABLE_DEBUG_INFO = YES;
				ONLY_ACTIVE_ARCH = YES;
				SDKROOT = macosx;
				SWIFT_ACTIVE_COMPILATION_CONDITIONS = DEBUG;
				SWIFT_INCLUDE_PATHS = "${SRCROOT}/Pine/Libraries/cmark-gfm-swift/cmark_gfm";
				SWIFT_OPTIMIZATION_LEVEL = "-Onone";
			};
			name = Debug;
		};
		A156AFA42090606D0098BBDD /* Release */ = {
			isa = XCBuildConfiguration;
			buildSettings = {
				ALWAYS_SEARCH_USER_PATHS = NO;
				ASSETCATALOG_COMPILER_GENERATE_SWIFT_ASSET_SYMBOL_EXTENSIONS = YES;
				CLANG_ANALYZER_NONNULL = YES;
				CLANG_ANALYZER_NUMBER_OBJECT_CONVERSION = YES_AGGRESSIVE;
				CLANG_CXX_LANGUAGE_STANDARD = "gnu++14";
				CLANG_CXX_LIBRARY = "libc++";
				CLANG_ENABLE_MODULES = YES;
				CLANG_ENABLE_OBJC_ARC = YES;
				CLANG_ENABLE_OBJC_WEAK = YES;
				CLANG_WARN_BLOCK_CAPTURE_AUTORELEASING = YES;
				CLANG_WARN_BOOL_CONVERSION = YES;
				CLANG_WARN_COMMA = YES;
				CLANG_WARN_CONSTANT_CONVERSION = YES;
				CLANG_WARN_DEPRECATED_OBJC_IMPLEMENTATIONS = YES;
				CLANG_WARN_DIRECT_OBJC_ISA_USAGE = YES_ERROR;
				CLANG_WARN_DOCUMENTATION_COMMENTS = YES;
				CLANG_WARN_EMPTY_BODY = YES;
				CLANG_WARN_ENUM_CONVERSION = YES;
				CLANG_WARN_INFINITE_RECURSION = YES;
				CLANG_WARN_INT_CONVERSION = YES;
				CLANG_WARN_NON_LITERAL_NULL_CONVERSION = YES;
				CLANG_WARN_OBJC_IMPLICIT_RETAIN_SELF = YES;
				CLANG_WARN_OBJC_LITERAL_CONVERSION = YES;
				CLANG_WARN_OBJC_ROOT_CLASS = YES_ERROR;
				CLANG_WARN_QUOTED_INCLUDE_IN_FRAMEWORK_HEADER = YES;
				CLANG_WARN_RANGE_LOOP_ANALYSIS = YES;
				CLANG_WARN_STRICT_PROTOTYPES = YES;
				CLANG_WARN_SUSPICIOUS_MOVE = YES;
				CLANG_WARN_UNGUARDED_AVAILABILITY = YES_AGGRESSIVE;
				CLANG_WARN_UNREACHABLE_CODE = YES;
				CLANG_WARN__DUPLICATE_METHOD_MATCH = YES;
				CODE_SIGN_IDENTITY = "-";
				COPY_PHASE_STRIP = NO;
				DEAD_CODE_STRIPPING = YES;
				DEBUG_INFORMATION_FORMAT = "dwarf-with-dsym";
				ENABLE_NS_ASSERTIONS = NO;
				ENABLE_STRICT_OBJC_MSGSEND = YES;
				ENABLE_USER_SCRIPT_SANDBOXING = YES;
				GCC_C_LANGUAGE_STANDARD = gnu11;
				GCC_NO_COMMON_BLOCKS = YES;
				GCC_WARN_64_TO_32_BIT_CONVERSION = YES;
				GCC_WARN_ABOUT_RETURN_TYPE = YES_ERROR;
				GCC_WARN_UNDECLARED_SELECTOR = YES;
				GCC_WARN_UNINITIALIZED_AUTOS = YES_AGGRESSIVE;
				GCC_WARN_UNUSED_FUNCTION = YES;
				GCC_WARN_UNUSED_VARIABLE = YES;
				MACOSX_DEPLOYMENT_TARGET = 10.12;
				MTL_ENABLE_DEBUG_INFO = NO;
				SDKROOT = macosx;
				SWIFT_COMPILATION_MODE = wholemodule;
				SWIFT_INCLUDE_PATHS = "${SRCROOT}/Pine/Libraries/cmark-gfm-swift/cmark_gfm";
				SWIFT_OPTIMIZATION_LEVEL = "-O";
			};
			name = Release;
		};
		A156AFA62090606D0098BBDD /* Debug */ = {
			isa = XCBuildConfiguration;
			buildSettings = {
				ASSETCATALOG_COMPILER_APPICON_NAME = AppIcon;
				CODE_SIGN_IDENTITY = "-";
				CODE_SIGN_STYLE = Automatic;
				COMBINE_HIDPI_IMAGES = YES;
				DEAD_CODE_STRIPPING = YES;
				DEVELOPMENT_TEAM = "";
				ENABLE_HARDENED_RUNTIME = YES;
				FRAMEWORK_SEARCH_PATHS = (
					"$(inherited)",
					"$(PROJECT_DIR)/Pine",
				);
				INFOPLIST_FILE = Pine/Info.plist;
				LD_RUNPATH_SEARCH_PATHS = (
					"$(inherited)",
					"@executable_path/../Frameworks",
				);
				MACOSX_DEPLOYMENT_TARGET = 11.0;
				PRODUCT_BUNDLE_IDENTIFIER = io.github.lukakerr.Pine;
				PRODUCT_NAME = "$(TARGET_NAME)";
				PROVISIONING_PROFILE_SPECIFIER = "";
				SWIFT_INCLUDE_PATHS = "";
				SWIFT_VERSION = 5.0;
			};
			name = Debug;
		};
		A156AFA72090606D0098BBDD /* Release */ = {
			isa = XCBuildConfiguration;
			buildSettings = {
				ASSETCATALOG_COMPILER_APPICON_NAME = AppIcon;
				CODE_SIGN_IDENTITY = "-";
				CODE_SIGN_STYLE = Automatic;
				COMBINE_HIDPI_IMAGES = YES;
				DEAD_CODE_STRIPPING = YES;
				DEVELOPMENT_TEAM = "";
				ENABLE_HARDENED_RUNTIME = YES;
				FRAMEWORK_SEARCH_PATHS = (
					"$(inherited)",
					"$(PROJECT_DIR)/Pine",
				);
				INFOPLIST_FILE = Pine/Info.plist;
				LD_RUNPATH_SEARCH_PATHS = (
					"$(inherited)",
					"@executable_path/../Frameworks",
				);
				MACOSX_DEPLOYMENT_TARGET = 11.0;
				PRODUCT_BUNDLE_IDENTIFIER = io.github.lukakerr.Pine;
				PRODUCT_NAME = "$(TARGET_NAME)";
				PROVISIONING_PROFILE_SPECIFIER = "";
				SWIFT_INCLUDE_PATHS = "";
				SWIFT_VERSION = 5.0;
			};
			name = Release;
		};
		A156AFA92090606D0098BBDD /* Debug */ = {
			isa = XCBuildConfiguration;
			buildSettings = {
				BUNDLE_LOADER = "$(TEST_HOST)";
				CODE_SIGN_STYLE = Automatic;
				COMBINE_HIDPI_IMAGES = YES;
				DEAD_CODE_STRIPPING = YES;
				INFOPLIST_FILE = PineTests/Info.plist;
				LD_RUNPATH_SEARCH_PATHS = (
					"$(inherited)",
					"@executable_path/../Frameworks",
					"@loader_path/../Frameworks",
				);
				MACOSX_DEPLOYMENT_TARGET = 11.0;
				PRODUCT_BUNDLE_IDENTIFIER = io.github.lukakerr.PineTests;
				PRODUCT_NAME = "$(TARGET_NAME)";
				SWIFT_INCLUDE_PATHS = "";
				SWIFT_VERSION = 5.0;
				TEST_HOST = "$(BUILT_PRODUCTS_DIR)/Pine.app/Contents/MacOS/Pine";
			};
			name = Debug;
		};
		A156AFAA2090606D0098BBDD /* Release */ = {
			isa = XCBuildConfiguration;
			buildSettings = {
				BUNDLE_LOADER = "$(TEST_HOST)";
				CODE_SIGN_STYLE = Automatic;
				COMBINE_HIDPI_IMAGES = YES;
				DEAD_CODE_STRIPPING = YES;
				INFOPLIST_FILE = PineTests/Info.plist;
				LD_RUNPATH_SEARCH_PATHS = (
					"$(inherited)",
					"@executable_path/../Frameworks",
					"@loader_path/../Frameworks",
				);
				MACOSX_DEPLOYMENT_TARGET = 11.0;
				PRODUCT_BUNDLE_IDENTIFIER = io.github.lukakerr.PineTests;
				PRODUCT_NAME = "$(TARGET_NAME)";
				SWIFT_INCLUDE_PATHS = "";
				SWIFT_VERSION = 5.0;
				TEST_HOST = "$(BUILT_PRODUCTS_DIR)/Pine.app/Contents/MacOS/Pine";
			};
			name = Release;
		};
		A156AFAC2090606D0098BBDD /* Debug */ = {
			isa = XCBuildConfiguration;
			buildSettings = {
				CODE_SIGN_STYLE = Automatic;
				COMBINE_HIDPI_IMAGES = YES;
				DEAD_CODE_STRIPPING = YES;
				INFOPLIST_FILE = PineUITests/Info.plist;
				LD_RUNPATH_SEARCH_PATHS = (
					"$(inherited)",
					"@executable_path/../Frameworks",
					"@loader_path/../Frameworks",
				);
				MACOSX_DEPLOYMENT_TARGET = 11.0;
				PRODUCT_BUNDLE_IDENTIFIER = io.github.lukakerr.PineUITests;
				PRODUCT_NAME = "$(TARGET_NAME)";
				SWIFT_INCLUDE_PATHS = "";
				SWIFT_VERSION = 5.0;
				TEST_TARGET_NAME = Pine;
			};
			name = Debug;
		};
		A156AFAD2090606D0098BBDD /* Release */ = {
			isa = XCBuildConfiguration;
			buildSettings = {
				CODE_SIGN_STYLE = Automatic;
				COMBINE_HIDPI_IMAGES = YES;
				DEAD_CODE_STRIPPING = YES;
				INFOPLIST_FILE = PineUITests/Info.plist;
				LD_RUNPATH_SEARCH_PATHS = (
					"$(inherited)",
					"@executable_path/../Frameworks",
					"@loader_path/../Frameworks",
				);
				MACOSX_DEPLOYMENT_TARGET = 11.0;
				PRODUCT_BUNDLE_IDENTIFIER = io.github.lukakerr.PineUITests;
				PRODUCT_NAME = "$(TARGET_NAME)";
				SWIFT_INCLUDE_PATHS = "";
				SWIFT_VERSION = 5.0;
				TEST_TARGET_NAME = Pine;
			};
			name = Release;
		};
/* End XCBuildConfiguration section */

/* Begin XCConfigurationList section */
		A156AF782090606C0098BBDD /* Build configuration list for PBXProject "Pine" */ = {
			isa = XCConfigurationList;
			buildConfigurations = (
				A156AFA32090606D0098BBDD /* Debug */,
				A156AFA42090606D0098BBDD /* Release */,
			);
			defaultConfigurationIsVisible = 0;
			defaultConfigurationName = Release;
		};
		A156AFA52090606D0098BBDD /* Build configuration list for PBXNativeTarget "Pine" */ = {
			isa = XCConfigurationList;
			buildConfigurations = (
				A156AFA62090606D0098BBDD /* Debug */,
				A156AFA72090606D0098BBDD /* Release */,
			);
			defaultConfigurationIsVisible = 0;
			defaultConfigurationName = Release;
		};
		A156AFA82090606D0098BBDD /* Build configuration list for PBXNativeTarget "PineTests" */ = {
			isa = XCConfigurationList;
			buildConfigurations = (
				A156AFA92090606D0098BBDD /* Debug */,
				A156AFAA2090606D0098BBDD /* Release */,
			);
			defaultConfigurationIsVisible = 0;
			defaultConfigurationName = Release;
		};
		A156AFAB2090606D0098BBDD /* Build configuration list for PBXNativeTarget "PineUITests" */ = {
			isa = XCConfigurationList;
			buildConfigurations = (
				A156AFAC2090606D0098BBDD /* Debug */,
				A156AFAD2090606D0098BBDD /* Release */,
			);
			defaultConfigurationIsVisible = 0;
			defaultConfigurationName = Release;
		};
/* End XCConfigurationList section */

/* Begin XCLocalSwiftPackageReference section */
		73F2F94F2D44427E0077A9F2 /* XCLocalSwiftPackageReference "Packages/cmark-gfm-swift" */ = {
			isa = XCLocalSwiftPackageReference;
			relativePath = "Packages/cmark-gfm-swift";
		};
/* End XCLocalSwiftPackageReference section */

/* Begin XCRemoteSwiftPackageReference section */
		73F2F9522D44436D0077A9F2 /* XCRemoteSwiftPackageReference "swift-markdown-ui" */ = {
			isa = XCRemoteSwiftPackageReference;
			repositoryURL = "https://github.com/gonzalezreal/swift-markdown-ui";
			requirement = {
				kind = upToNextMajorVersion;
				minimumVersion = 2.4.1;
			};
		};
		BA3F1C06275E0E81006C41ED /* XCRemoteSwiftPackageReference "Highlightr" */ = {
			isa = XCRemoteSwiftPackageReference;
			repositoryURL = "https://github.com/raspu/Highlightr.git";
			requirement = {
				kind = upToNextMajorVersion;
				minimumVersion = 2.0.0;
			};
		};
/* End XCRemoteSwiftPackageReference section */

/* Begin XCSwiftPackageProductDependency section */
		73F2F9502D44427E0077A9F2 /* cmark-gfm-swift */ = {
			isa = XCSwiftPackageProductDependency;
			productName = "cmark-gfm-swift";
		};
		73F2F9532D44436D0077A9F2 /* MarkdownUI */ = {
			isa = XCSwiftPackageProductDependency;
			package = 73F2F9522D44436D0077A9F2 /* XCRemoteSwiftPackageReference "swift-markdown-ui" */;
			productName = MarkdownUI;
		};
		BA3F1C07275E0E81006C41ED /* Highlightr */ = {
			isa = XCSwiftPackageProductDependency;
			package = BA3F1C06275E0E81006C41ED /* XCRemoteSwiftPackageReference "Highlightr" */;
			productName = Highlightr;
		};
/* End XCSwiftPackageProductDependency section */
	};
	rootObject = A156AF752090606C0098BBDD /* Project object */;
}
